
Microsoft Visual Studio Solution File, Format Version 12.00
# Visual Studio Version 17
VisualStudioVersion = 17.1.32328.378
MinimumVisualStudioVersion = 10.0.40219.1
Project("{8BC9CEB8-8B4A-11D0-8D11-00A0C91BC942}") = "HomeWork 26", "HomeWork 26.vcxproj", "{16CC5BB9-0908-42D8-B606-ADE650B7CCBA}"
EndProject
Global
	GlobalSection(SolutionConfigurationPlatforms) = preSolution
		Debug|x64 = Debug|x64
		Debug|x86 = Debug|x86
		Release|x64 = Release|x64
		Release|x86 = Release|x86
	EndGlobalSection
	GlobalSection(ProjectConfigurationPlatforms) = postSolution
		{16CC5BB9-0908-42D8-B606-ADE650B7CCBA}.Debug|x64.ActiveCfg = Debug|x64
		{16CC5BB9-0908-42D8-B606-ADE650B7CCBA}.Debug|x64.Build.0 = Debug|x64
		{16CC5BB9-0908-42D8-B606-ADE650B7CCBA}.Debug|x86.ActiveCfg = Debug|Win32
		{16CC5BB9-0908-42D8-B606-ADE650B7CCBA}.Debug|x86.Build.0 = Debug|Win32
		{16CC5BB9-0908-42D8-B606-ADE650B7CCBA}.Release|x64.ActiveCfg = Release|x64
		{16CC5BB9-0908-42D8-B606-ADE650B7CCBA}.Release|x64.Build.0 = Release|x64
		{16CC5BB9-0908-42D8-B606-ADE650B7CCBA}.Release|x86.ActiveCfg = Release|Win32
		{16CC5BB9-0908-42D8-B606-ADE650B7CCBA}.Release|x86.Build.0 = Release|Win32
	EndGlobalSection
	GlobalSection(SolutionProperties) = preSolution
		HideSolutionNode = FALSE
	EndGlobalSection
	GlobalSection(ExtensibilityGlobals) = postSolution
		SolutionGuid = {F354C524-66F7-404A-A3E1-4003D63599ED}
	EndGlobalSection
EndGlobal
